
Microsoft Visual Studio Solution File, Format Version 12.00
# Visual Studio Version 17
VisualStudioVersion = 17.0.31903.59
MinimumVisualStudioVersion = 10.0.40219.1
Project("{2150E333-8FDC-42A3-9474-1A3956D46DE8}") = "src", "src", "{827E0CD3-B72D-47B6-A68D-7590B98EB39B}"
EndProject
Project("{FAE04EC0-301F-11D3-BF4B-00C04F79EFBC}") = "QuakeVR.Installer.Core", "src\QuakeVR.Installer.Core\QuakeVR.Installer.Core.csproj", "{9A0C44DD-5CF1-4242-AC25-E6BF7040595B}"
EndProject
Project("{FAE04EC0-301F-11D3-BF4B-00C04F79EFBC}") = "QuakeVR.Installer.Cli", "src\QuakeVR.Installer.Cli\QuakeVR.Installer.Cli.csproj", "{8CCB843C-0998-4530-96A1-508367934942}"
EndProject
Project("{FAE04EC0-301F-11D3-BF4B-00C04F79EFBC}") = "QuakeVR.Installer.SelfTest", "tests\QuakeVR.Installer.SelfTest\QuakeVR.Installer.SelfTest.csproj", "{F2311107-7D20-4198-9175-40C4919C9E0C}"
EndProject
Project("{FAE04EC0-301F-11D3-BF4B-00C04F79EFBC}") = "QuakeVR.Installer", "src\QuakeVR.Installer\QuakeVR.Installer.csproj", "{0EF5038D-7F73-44E9-8D96-8B63C49F5BE9}"
EndProject
Global
	GlobalSection(SolutionConfigurationPlatforms) = preSolution
		Debug|Any CPU = Debug|Any CPU
		Debug|x64 = Debug|x64
		Debug|x86 = Debug|x86
		Release|Any CPU = Release|Any CPU
		Release|x64 = Release|x64
		Release|x86 = Release|x86
	EndGlobalSection
	GlobalSection(ProjectConfigurationPlatforms) = postSolution
		{9A0C44DD-5CF1-4242-AC25-E6BF7040595B}.Debug|Any CPU.ActiveCfg = Debug|Any CPU
		{9A0C44DD-5CF1-4242-AC25-E6BF7040595B}.Debug|Any CPU.Build.0 = Debug|Any CPU
		{9A0C44DD-5CF1-4242-AC25-E6BF7040595B}.Debug|x64.ActiveCfg = Debug|Any CPU
		{9A0C44DD-5CF1-4242-AC25-E6BF7040595B}.Debug|x64.Build.0 = Debug|Any CPU
		{9A0C44DD-5CF1-4242-AC25-E6BF7040595B}.Debug|x86.ActiveCfg = Debug|Any CPU
		{9A0C44DD-5CF1-4242-AC25-E6BF7040595B}.Debug|x86.Build.0 = Debug|Any CPU
		{9A0C44DD-5CF1-4242-AC25-E6BF7040595B}.Release|Any CPU.ActiveCfg = Release|Any CPU
		{9A0C44DD-5CF1-4242-AC25-E6BF7040595B}.Release|Any CPU.Build.0 = Release|Any CPU
		{9A0C44DD-5CF1-4242-AC25-E6BF7040595B}.Release|x64.ActiveCfg = Release|Any CPU
		{9A0C44DD-5CF1-4242-AC25-E6BF7040595B}.Release|x64.Build.0 = Release|Any CPU
		{9A0C44DD-5CF1-4242-AC25-E6BF7040595B}.Release|x86.ActiveCfg = Release|Any CPU
		{9A0C44DD-5CF1-4242-AC25-E6BF7040595B}.Release|x86.Build.0 = Release|Any CPU
		{8CCB843C-0998-4530-96A1-508367934942}.Debug|Any CPU.ActiveCfg = Debug|Any CPU
		{8CCB843C-0998-4530-96A1-508367934942}.Debug|Any CPU.Build.0 = Debug|Any CPU
		{8CCB843C-0998-4530-96A1-508367934942}.Debug|x64.ActiveCfg = Debug|Any CPU
		{8CCB843C-0998-4530-96A1-508367934942}.Debug|x64.Build.0 = Debug|Any CPU
		{8CCB843C-0998-4530-96A1-508367934942}.Debug|x86.ActiveCfg = Debug|Any CPU
		{8CCB843C-0998-4530-96A1-508367934942}.Debug|x86.Build.0 = Debug|Any CPU
		{8CCB843C-0998-4530-96A1-508367934942}.Release|Any CPU.ActiveCfg = Release|Any CPU
		{8CCB843C-0998-4530-96A1-508367934942}.Release|Any CPU.Build.0 = Release|Any CPU
		{8CCB843C-0998-4530-96A1-508367934942}.Release|x64.ActiveCfg = Release|Any CPU
		{8CCB843C-0998-4530-96A1-508367934942}.Release|x64.Build.0 = Release|Any CPU
		{8CCB843C-0998-4530-96A1-508367934942}.Release|x86.ActiveCfg = Release|Any CPU
		{8CCB843C-0998-4530-96A1-508367934942}.Release|x86.Build.0 = Release|Any CPU
		{F2311107-7D20-4198-9175-40C4919C9E0C}.Debug|Any CPU.ActiveCfg = Debug|Any CPU
		{F2311107-7D20-4198-9175-40C4919C9E0C}.Debug|Any CPU.Build.0 = Debug|Any CPU
		{F2311107-7D20-4198-9175-40C4919C9E0C}.Debug|x64.ActiveCfg = Debug|Any CPU
		{F2311107-7D20-4198-9175-40C4919C9E0C}.Debug|x64.Build.0 = Debug|Any CPU
		{F2311107-7D20-4198-9175-40C4919C9E0C}.Debug|x86.ActiveCfg = Debug|Any CPU
		{F2311107-7D20-4198-9175-40C4919C9E0C}.Debug|x86.Build.0 = Debug|Any CPU
		{F2311107-7D20-4198-9175-40C4919C9E0C}.Release|Any CPU.ActiveCfg = Release|Any CPU
		{F2311107-7D20-4198-9175-40C4919C9E0C}.Release|Any CPU.Build.0 = Release|Any CPU
		{F2311107-7D20-4198-9175-40C4919C9E0C}.Release|x64.ActiveCfg = Release|Any CPU
		{F2311107-7D20-4198-9175-40C4919C9E0C}.Release|x64.Build.0 = Release|Any CPU
		{F2311107-7D20-4198-9175-40C4919C9E0C}.Release|x86.ActiveCfg = Release|Any CPU
		{F2311107-7D20-4198-9175-40C4919C9E0C}.Release|x86.Build.0 = Release|Any CPU
		{0EF5038D-7F73-44E9-8D96-8B63C49F5BE9}.Debug|Any CPU.ActiveCfg = Debug|Any CPU
		{0EF5038D-7F73-44E9-8D96-8B63C49F5BE9}.Debug|Any CPU.Build.0 = Debug|Any CPU
		{0EF5038D-7F73-44E9-8D96-8B63C49F5BE9}.Debug|x64.ActiveCfg = Debug|Any CPU
		{0EF5038D-7F73-44E9-8D96-8B63C49F5BE9}.Debug|x64.Build.0 = Debug|Any CPU
		{0EF5038D-7F73-44E9-8D96-8B63C49F5BE9}.Debug|x86.ActiveCfg = Debug|Any CPU
		{0EF5038D-7F73-44E9-8D96-8B63C49F5BE9}.Debug|x86.Build.0 = Debug|Any CPU
		{0EF5038D-7F73-44E9-8D96-8B63C49F5BE9}.Release|Any CPU.ActiveCfg = Release|Any CPU
		{0EF5038D-7F73-44E9-8D96-8B63C49F5BE9}.Release|Any CPU.Build.0 = Release|Any CPU
		{0EF5038D-7F73-44E9-8D96-8B63C49F5BE9}.Release|x64.ActiveCfg = Release|Any CPU
		{0EF5038D-7F73-44E9-8D96-8B63C49F5BE9}.Release|x64.Build.0 = Release|Any CPU
		{0EF5038D-7F73-44E9-8D96-8B63C49F5BE9}.Release|x86.ActiveCfg = Release|Any CPU
		{0EF5038D-7F73-44E9-8D96-8B63C49F5BE9}.Release|x86.Build.0 = Release|Any CPU
	EndGlobalSection
	GlobalSection(SolutionProperties) = preSolution
		HideSolutionNode = FALSE
	EndGlobalSection
	GlobalSection(NestedProjects) = preSolution
		{9A0C44DD-5CF1-4242-AC25-E6BF7040595B} = {827E0CD3-B72D-47B6-A68D-7590B98EB39B}
		{8CCB843C-0998-4530-96A1-508367934942} = {827E0CD3-B72D-47B6-A68D-7590B98EB39B}
		{F2311107-7D20-4198-9175-40C4919C9E0C} = {827E0CD3-B72D-47B6-A68D-7590B98EB39B}
		{0EF5038D-7F73-44E9-8D96-8B63C49F5BE9} = {827E0CD3-B72D-47B6-A68D-7590B98EB39B}
	EndGlobalSection
EndGlobal
